{
  "name": "master",
  "version": "1.0.0",
  "lockfileVersion": 1,
  "requires": true,
  "dependencies": {
    "@types/chokidar": {
      "version": "1.7.5",
      "resolved": "https://registry.npmjs.org/@types/chokidar/-/chokidar-1.7.5.tgz",
      "integrity": "sha512-PDkSRY7KltW3M60hSBlerxI8SFPXsO3AL/aRVsO4Kh9IHRW74Ih75gUuTd/aE4LSSFqypb10UIX3QzOJwBQMGQ==",
      "requires": {
        "@types/events": "1.2.0",
        "@types/node": "10.0.3"
      }
    },
    "@types/events": {
      "version": "1.2.0",
      "resolved": "https://registry.npmjs.org/@types/events/-/events-1.2.0.tgz",
      "integrity": "sha512-KEIlhXnIutzKwRbQkGWb/I4HFqBuUykAdHgDED6xqwXJfONCjF5VoE0cXEiurh3XauygxzeDzgtXUqvLkxFzzA=="
    },
    "@types/glob": {
      "version": "5.0.35",
      "resolved": "https://registry.npmjs.org/@types/glob/-/glob-5.0.35.tgz",
      "integrity": "sha512-wc+VveszMLyMWFvXLkloixT4n0harUIVZjnpzztaZ0nKLuul7Z32iMt2fUFGAaZ4y1XWjFRMtCI5ewvyh4aIeg==",
      "requires": {
        "@types/events": "1.2.0",
        "@types/minimatch": "3.0.3",
        "@types/node": "10.0.3"
      }
    },
    "@types/glob-stream": {
      "version": "6.1.0",
      "resolved": "https://registry.npmjs.org/@types/glob-stream/-/glob-stream-6.1.0.tgz",
      "integrity": "sha512-RHv6ZQjcTncXo3thYZrsbAVwoy4vSKosSWhuhuQxLOTv74OJuFQxXkmUuZCr3q9uNBEVCvIzmZL/FeRNbHZGUg==",
      "requires": {
        "@types/glob": "5.0.35",
        "@types/node": "10.0.3"
      }
    },
    "@types/gulp": {
      "version": "4.0.5",
      "resolved": "https://registry.npmjs.org/@types/gulp/-/gulp-4.0.5.tgz",
      "integrity": "sha512-nx1QjPTiRpvLfYsZ7MBu7bT6Cm7tAXyLbY0xbdx2IEMxCK2v2urIhJMQZHW0iV1TskM71Xl6p2uRRuWDbk+/7g==",
      "requires": {
        "@types/chokidar": "1.7.5",
        "@types/undertaker": "1.2.0",
        "@types/vinyl-fs": "2.4.8"
      }
    },
    "@types/minimatch": {
      "version": "3.0.3",
      "resolved": "https://registry.npmjs.org/@types/minimatch/-/minimatch-3.0.3.tgz",
      "integrity": "sha512-tHq6qdbT9U1IRSGf14CL0pUlULksvY9OZ+5eEgl1N7t+OA3tGvNpxJCzuKQlsNgCVwbAs670L1vcVQi8j9HjnA=="
    },
    "@types/node": {
      "version": "10.0.3",
      "resolved": "https://registry.npmjs.org/@types/node/-/node-10.0.3.tgz",
      "integrity": "sha512-J7nx6JzxmtT4zyvfLipYL7jNaxvlCWpyG7JhhCQ4fQyG+AGfovAHoYR55TFx+X8akfkUJYpt5JG6GPeFMjZaCQ=="
    },
    "@types/undertaker": {
      "version": "1.2.0",
      "resolved": "https://registry.npmjs.org/@types/undertaker/-/undertaker-1.2.0.tgz",
      "integrity": "sha512-bx/5nZCGkasXs6qaA3B6SVDjBZqdyk04UO12e0uEPSzjt5H8jEJw0DKe7O7IM0hM2bVHRh70pmOH7PEHqXwzOw==",
      "requires": {
        "@types/events": "1.2.0",
        "@types/undertaker-registry": "1.0.1"
      }
    },
    "@types/undertaker-registry": {
      "version": "1.0.1",
      "resolved": "https://registry.npmjs.org/@types/undertaker-registry/-/undertaker-registry-1.0.1.tgz",
      "integrity": "sha512-Z4TYuEKn9+RbNVk1Ll2SS4x1JeLHecolIbM/a8gveaHsW0Hr+RQMraZACwTO2VD7JvepgA6UO1A1VrbktQrIbQ=="
    },
    "@types/vinyl": {
      "version": "2.0.2",
      "resolved": "https://registry.npmjs.org/@types/vinyl/-/vinyl-2.0.2.tgz",
      "integrity": "sha512-2iYpNuOl98SrLPBZfEN9Mh2JCJ2EI9HU35SfgBEb51DcmaHkhp8cKMblYeBqMQiwXMgAD3W60DbQ4i/UdLiXhw==",
      "requires": {
        "@types/node": "10.0.3"
      }
    },
    "@types/vinyl-fs": {
      "version": "2.4.8",
      "resolved": "https://registry.npmjs.org/@types/vinyl-fs/-/vinyl-fs-2.4.8.tgz",
      "integrity": "sha512-yE2pN9OOrxJVeO7IZLHAHrh5R4Q0osbn5WQRuQU6GdXoK7dNFrMK3K7YhATkzf3z0yQBkol3+gafs7Rp0s7dDg==",
      "requires": {
        "@types/glob-stream": "6.1.0",
        "@types/node": "10.0.3",
        "@types/vinyl": "2.0.2"
      }
    }
  }
}
