{
  "name": "master",
  "version": "1.0.0",
  "lockfileVersion": 2,
  "requires": true,
  "packages": {
    "": {
      "name": "master",
      "version": "1.0.0",
      "license": "ISC",
      "dependencies": {
        "entitybind": "github:logicfeel/EntityBind"
      }
    },
    "node_modules/asap": {
      "version": "2.0.6",
      "resolved": "https://registry.npmjs.org/asap/-/asap-2.0.6.tgz",
      "integrity": "sha1-5QNHYR1+aQlDIIu9r+vLwvuGbUY="
    },
    "node_modules/async": {
      "version": "2.6.3",
      "resolved": "https://registry.npmjs.org/async/-/async-2.6.3.tgz",
      "integrity": "sha512-zflvls11DCy+dQWzTW2dzuilv8Z5X/pjfmZOWba6TNIVDm+2UDaJmXSOXlasHKfNBs8oo3M0aT50fDEWfKZjXg==",
      "dependencies": {
        "lodash": "^4.17.14"
      }
    },
    "node_modules/backoff": {
      "version": "2.3.0",
      "resolved": "https://registry.npmjs.org/backoff/-/backoff-2.3.0.tgz",
      "integrity": "sha1-7nx+OAk/kuRyhZ22NedlJFT8Ieo=",
      "engines": {
        "node": ">= 0.6"
      }
    },
    "node_modules/bufferutil": {
      "version": "4.0.6",
      "resolved": "https://registry.npmjs.org/bufferutil/-/bufferutil-4.0.6.tgz",
      "integrity": "sha512-jduaYOYtnio4aIAyc6UbvPCVcgq7nYpVnucyxr6eCYg/Woad9Hf/oxxBRDnGGjPfjUm6j5O/uBWhIu4iLebFaw==",
      "hasInstallScript": true,
      "dependencies": {
        "node-gyp-build": "^4.3.0"
      },
      "engines": {
        "node": ">=6.14.2"
      }
    },
    "node_modules/commander": {
      "version": "2.1.0",
      "resolved": "https://registry.npmjs.org/commander/-/commander-2.1.0.tgz",
      "integrity": "sha1-0SG7roYNmZKj1Re6lvVliOR8Z4E=",
      "engines": {
        "node": ">= 0.6.x"
      }
    },
    "node_modules/entitybind": {
      "version": "1.6.2",
      "resolved": "git+ssh://git@github.com/logicfeel/EntityBind.git#510d81cf66789abf535b8716ccfd7ccc725dd753",
      "license": "ISC",
      "dependencies": {
        "jquery": "^3.5.1",
        "kurento-client": "^6.15.0",
        "typescript": "^4.3.5"
      }
    },
    "node_modules/es6-promise": {
      "version": "4.2.8",
      "resolved": "https://registry.npmjs.org/es6-promise/-/es6-promise-4.2.8.tgz",
      "integrity": "sha512-HJDGx5daxeIvxdBxvG2cb9g4tEvwIk3i8+nhX0yGrYmZUzbkdg8QbDevheDB8gd0//uPj4c1EQua8Q+MViT0/w=="
    },
    "node_modules/extend": {
      "version": "3.0.2",
      "resolved": "https://registry.npmjs.org/extend/-/extend-3.0.2.tgz",
      "integrity": "sha512-fjquC59cD7CyW6urNXK0FBufkZcoiGG80wTuPujX590cB5Ttln20E2UB4S/WARVqhXffZl2LNgS+gQdPIIim/g=="
    },
    "node_modules/inherits": {
      "version": "2.0.4",
      "resolved": "https://registry.npmjs.org/inherits/-/inherits-2.0.4.tgz",
      "integrity": "sha512-k/vGaX4/Yla3WzyMCvTQOXYeIHvqOKtnqBduzTHpzpQZzAskKMhZ2K+EnBiSM9zGSoIFeMpXKxa4dYeZIQqewQ=="
    },
    "node_modules/isbuffer": {
      "version": "0.0.0",
      "resolved": "https://registry.npmjs.org/isbuffer/-/isbuffer-0.0.0.tgz",
      "integrity": "sha1-OMFG2d9Si4v5sHAcPUPPEt8/w5s="
    },
    "node_modules/jquery": {
      "version": "3.6.0",
      "resolved": "https://registry.npmjs.org/jquery/-/jquery-3.6.0.tgz",
      "integrity": "sha512-JVzAR/AjBvVt2BmYhxRCSYysDsPcssdmTFnzyLEts9qNwmjmu4JTAMYubEfwVOSwpQ1I1sKKFcxhZCI2buerfw=="
    },
    "node_modules/kurento-client": {
      "version": "6.16.0",
      "resolved": "https://registry.npmjs.org/kurento-client/-/kurento-client-6.16.0.tgz",
      "integrity": "sha512-vZDJ/qAH2XiCYTvfC+gWTyPgzr2ZbzPA89z5wWKB0Me/05VV4Z2MGGJ19Q2reQVir3s7LFFDzOIB/0FX5xMA6Q==",
      "dependencies": {
        "async": "^2.0.1",
        "es6-promise": "^4.0.5",
        "extend": "^3.0.0",
        "inherits": "^2.0.0",
        "kurento-client-core": "6.16.0",
        "kurento-client-elements": "6.16.0",
        "kurento-client-filters": "6.16.0",
        "kurento-jsonrpc": "6.16.0",
        "minimist": "^1.2.0",
        "promise": "7.1.1",
        "promisecallback": "0.0.4",
        "reconnect-ws": "github:KurentoForks/reconnect-ws#master"
      }
    },
    "node_modules/kurento-client-core": {
      "version": "6.16.0",
      "resolved": "https://registry.npmjs.org/kurento-client-core/-/kurento-client-core-6.16.0.tgz",
      "integrity": "sha512-TMpniXf0G/fIdFkwAn/coUkbVnhzwv7OBUco+KDtm1Xb7VED15rx20tl0ieswKVGm12wB4xegt1rRcZHoEJJ+g=="
    },
    "node_modules/kurento-client-elements": {
      "version": "6.16.0",
      "resolved": "https://registry.npmjs.org/kurento-client-elements/-/kurento-client-elements-6.16.0.tgz",
      "integrity": "sha512-lsZiUIRrTh8PA+0DivTmDWlTJLTrgy2BRs6l3ImhFgZpSXg+iaGk7xITsczp6VMnDzLuA5DkOwquPqiMHJVBcg=="
    },
    "node_modules/kurento-client-filters": {
      "version": "6.16.0",
      "resolved": "https://registry.npmjs.org/kurento-client-filters/-/kurento-client-filters-6.16.0.tgz",
      "integrity": "sha512-Wi+Pginw8YeBLfJfBfQUp4/YCEWnwXAaatysnBygdWt21Uz3oqbEiLJOOIBwefUXP1FwKoI+bMPRevkosuimZw=="
    },
    "node_modules/kurento-jsonrpc": {
      "version": "6.16.0",
      "resolved": "https://registry.npmjs.org/kurento-jsonrpc/-/kurento-jsonrpc-6.16.0.tgz",
      "integrity": "sha512-Z6LAh033dHuL2HiQGxbLvVKwSMKwUVnEEZE4nuDBbr9ZdtAeqr5aaUu+B7bpbeGhondkS1gvDLJHwqWinFszjQ==",
      "dependencies": {
        "bufferutil": "^4.0.1",
        "inherits": "^2.0.1",
        "ws": "^7.1.0"
      }
    },
    "node_modules/lodash": {
      "version": "4.17.21",
      "resolved": "https://registry.npmjs.org/lodash/-/lodash-4.17.21.tgz",
      "integrity": "sha512-v2kDEe57lecTulaDIuNTPy3Ry4gLGJ6Z1O3vE1krgXZNrsQ+LFTGHVxVjcXPs17LhbZVGedAJv8XZ1tvj5FvSg=="
    },
    "node_modules/minimist": {
      "version": "1.2.6",
      "resolved": "https://registry.npmjs.org/minimist/-/minimist-1.2.6.tgz",
      "integrity": "sha512-Jsjnk4bw3YJqYzbdyBiNsPWHPfO++UGG749Cxs6peCu5Xg4nrena6OVxOYxrQTqww0Jmwt+Ref8rggumkTLz9Q=="
    },
    "node_modules/nan": {
      "version": "1.0.0",
      "resolved": "https://registry.npmjs.org/nan/-/nan-1.0.0.tgz",
      "integrity": "sha1-riT4hQgY1mL8q1rPfzuVv6oszzg="
    },
    "node_modules/node-gyp-build": {
      "version": "4.4.0",
      "resolved": "https://registry.npmjs.org/node-gyp-build/-/node-gyp-build-4.4.0.tgz",
      "integrity": "sha512-amJnQCcgtRVw9SvoebO3BKGESClrfXGCUTX9hSn1OuGQTQBOZmVd0Z0OlecpuRksKvbsUqALE8jls/ErClAPuQ==",
      "bin": {
        "node-gyp-build": "bin.js",
        "node-gyp-build-optional": "optional.js",
        "node-gyp-build-test": "build-test.js"
      }
    },
    "node_modules/options": {
      "version": "0.0.6",
      "resolved": "https://registry.npmjs.org/options/-/options-0.0.6.tgz",
      "integrity": "sha1-7CLTEoBrtT5zF3Pnza788cZDEo8=",
      "engines": {
        "node": ">=0.4.0"
      }
    },
    "node_modules/promise": {
      "version": "7.1.1",
      "resolved": "https://registry.npmjs.org/promise/-/promise-7.1.1.tgz",
      "integrity": "sha1-SJZUxpJha4qlWwck+oCbt9tJxb8=",
      "dependencies": {
        "asap": "~2.0.3"
      }
    },
    "node_modules/promisecallback": {
      "version": "0.0.4",
      "resolved": "https://registry.npmjs.org/promisecallback/-/promisecallback-0.0.4.tgz",
      "integrity": "sha1-uTTxPATkQ2IrTWbeTkLqX2zmbnQ="
    },
    "node_modules/reconnect-core": {
      "version": "1.0.0",
      "resolved": "git+ssh://git@github.com/KurentoForks/reconnect-core.git#921d43e91578abb2fb2613f585c010c1939cf734",
      "license": "MIT",
      "dependencies": {
        "backoff": "~2.3.0"
      }
    },
    "node_modules/reconnect-ws": {
      "version": "0.0.0",
      "resolved": "git+ssh://git@github.com/KurentoForks/reconnect-ws.git#f287385d75861654528c352e60221f95c9209f8a",
      "license": "MIT",
      "dependencies": {
        "reconnect-core": "KurentoForks/reconnect-core",
        "websocket-stream": "~0.5.1"
      }
    },
    "node_modules/through": {
      "version": "2.3.8",
      "resolved": "https://registry.npmjs.org/through/-/through-2.3.8.tgz",
      "integrity": "sha1-DdTJ/6q8NXlgsbckEV1+Doai4fU="
    },
    "node_modules/tinycolor": {
      "version": "0.0.1",
      "resolved": "https://registry.npmjs.org/tinycolor/-/tinycolor-0.0.1.tgz",
      "integrity": "sha1-MgtaUtg6u1l42Bo+iH1K77FaYWQ=",
      "engines": {
        "node": ">=0.4.0"
      }
    },
    "node_modules/typescript": {
      "version": "4.6.3",
      "resolved": "https://registry.npmjs.org/typescript/-/typescript-4.6.3.tgz",
      "integrity": "sha512-yNIatDa5iaofVozS/uQJEl3JRWLKKGJKh6Yaiv0GLGSuhpFJe7P3SbHZ8/yjAHRQwKRoA6YZqlfjXWmVzoVSMw==",
      "bin": {
        "tsc": "bin/tsc",
        "tsserver": "bin/tsserver"
      },
      "engines": {
        "node": ">=4.2.0"
      }
    },
    "node_modules/websocket-stream": {
      "version": "0.5.1",
      "resolved": "https://registry.npmjs.org/websocket-stream/-/websocket-stream-0.5.1.tgz",
      "integrity": "sha1-YizR8FZvuEzgpNb4VFJvPcTXDkg=",
      "dependencies": {
        "isbuffer": "0.0.0",
        "through": "~2.3.4",
        "ws": "~0.4.30"
      },
      "engines": {
        "node": ">=0.8"
      }
    },
    "node_modules/websocket-stream/node_modules/ws": {
      "version": "0.4.32",
      "resolved": "https://registry.npmjs.org/ws/-/ws-0.4.32.tgz",
      "integrity": "sha1-eHphVEFPPJntg8V3IVOyD+sM7DI=",
      "hasInstallScript": true,
      "dependencies": {
        "commander": "~2.1.0",
        "nan": "~1.0.0",
        "options": ">=0.0.5",
        "tinycolor": "0.x"
      },
      "bin": {
        "wscat": "bin/wscat"
      },
      "engines": {
        "node": ">=0.4.0"
      }
    },
    "node_modules/ws": {
      "version": "7.5.7",
      "resolved": "https://registry.npmjs.org/ws/-/ws-7.5.7.tgz",
      "integrity": "sha512-KMvVuFzpKBuiIXW3E4u3mySRO2/mCHSyZDJQM5NQ9Q9KHWHWh0NHgfbRMLLrceUK5qAL4ytALJbpRMjixFZh8A==",
      "engines": {
        "node": ">=8.3.0"
      },
      "peerDependencies": {
        "bufferutil": "^4.0.1",
        "utf-8-validate": "^5.0.2"
      },
      "peerDependenciesMeta": {
        "bufferutil": {
          "optional": true
        },
        "utf-8-validate": {
          "optional": true
        }
      }
    }
  },
  "dependencies": {
    "asap": {
      "version": "2.0.6",
      "resolved": "https://registry.npmjs.org/asap/-/asap-2.0.6.tgz",
      "integrity": "sha1-5QNHYR1+aQlDIIu9r+vLwvuGbUY="
    },
    "async": {
      "version": "2.6.3",
      "resolved": "https://registry.npmjs.org/async/-/async-2.6.3.tgz",
      "integrity": "sha512-zflvls11DCy+dQWzTW2dzuilv8Z5X/pjfmZOWba6TNIVDm+2UDaJmXSOXlasHKfNBs8oo3M0aT50fDEWfKZjXg==",
      "requires": {
        "lodash": "^4.17.14"
      }
    },
    "backoff": {
      "version": "2.3.0",
      "resolved": "https://registry.npmjs.org/backoff/-/backoff-2.3.0.tgz",
      "integrity": "sha1-7nx+OAk/kuRyhZ22NedlJFT8Ieo="
    },
    "bufferutil": {
      "version": "4.0.6",
      "resolved": "https://registry.npmjs.org/bufferutil/-/bufferutil-4.0.6.tgz",
      "integrity": "sha512-jduaYOYtnio4aIAyc6UbvPCVcgq7nYpVnucyxr6eCYg/Woad9Hf/oxxBRDnGGjPfjUm6j5O/uBWhIu4iLebFaw==",
      "requires": {
        "node-gyp-build": "^4.3.0"
      }
    },
    "commander": {
      "version": "2.1.0",
      "resolved": "https://registry.npmjs.org/commander/-/commander-2.1.0.tgz",
      "integrity": "sha1-0SG7roYNmZKj1Re6lvVliOR8Z4E="
    },
    "entitybind": {
      "version": "git+ssh://git@github.com/logicfeel/EntityBind.git#510d81cf66789abf535b8716ccfd7ccc725dd753",
      "from": "entitybind@https://github.com/logicfeel/EntityBind.git",
      "requires": {
        "jquery": "^3.5.1",
        "kurento-client": "^6.15.0",
        "typescript": "^4.3.5"
      }
    },
    "es6-promise": {
      "version": "4.2.8",
      "resolved": "https://registry.npmjs.org/es6-promise/-/es6-promise-4.2.8.tgz",
      "integrity": "sha512-HJDGx5daxeIvxdBxvG2cb9g4tEvwIk3i8+nhX0yGrYmZUzbkdg8QbDevheDB8gd0//uPj4c1EQua8Q+MViT0/w=="
    },
    "extend": {
      "version": "3.0.2",
      "resolved": "https://registry.npmjs.org/extend/-/extend-3.0.2.tgz",
      "integrity": "sha512-fjquC59cD7CyW6urNXK0FBufkZcoiGG80wTuPujX590cB5Ttln20E2UB4S/WARVqhXffZl2LNgS+gQdPIIim/g=="
    },
    "inherits": {
      "version": "2.0.4",
      "resolved": "https://registry.npmjs.org/inherits/-/inherits-2.0.4.tgz",
      "integrity": "sha512-k/vGaX4/Yla3WzyMCvTQOXYeIHvqOKtnqBduzTHpzpQZzAskKMhZ2K+EnBiSM9zGSoIFeMpXKxa4dYeZIQqewQ=="
    },
    "isbuffer": {
      "version": "0.0.0",
      "resolved": "https://registry.npmjs.org/isbuffer/-/isbuffer-0.0.0.tgz",
      "integrity": "sha1-OMFG2d9Si4v5sHAcPUPPEt8/w5s="
    },
    "jquery": {
      "version": "3.6.0",
      "resolved": "https://registry.npmjs.org/jquery/-/jquery-3.6.0.tgz",
      "integrity": "sha512-JVzAR/AjBvVt2BmYhxRCSYysDsPcssdmTFnzyLEts9qNwmjmu4JTAMYubEfwVOSwpQ1I1sKKFcxhZCI2buerfw=="
    },
    "kurento-client": {
      "version": "6.16.0",
      "resolved": "https://registry.npmjs.org/kurento-client/-/kurento-client-6.16.0.tgz",
      "integrity": "sha512-vZDJ/qAH2XiCYTvfC+gWTyPgzr2ZbzPA89z5wWKB0Me/05VV4Z2MGGJ19Q2reQVir3s7LFFDzOIB/0FX5xMA6Q==",
      "requires": {
        "async": "^2.0.1",
        "es6-promise": "^4.0.5",
        "extend": "^3.0.0",
        "inherits": "^2.0.0",
        "kurento-client-core": "6.16.0",
        "kurento-client-elements": "6.16.0",
        "kurento-client-filters": "6.16.0",
        "kurento-jsonrpc": "6.16.0",
        "minimist": "^1.2.0",
        "promise": "7.1.1",
        "promisecallback": "0.0.4",
        "reconnect-ws": "github:KurentoForks/reconnect-ws#master"
      }
    },
    "kurento-client-core": {
      "version": "6.16.0",
      "resolved": "https://registry.npmjs.org/kurento-client-core/-/kurento-client-core-6.16.0.tgz",
      "integrity": "sha512-TMpniXf0G/fIdFkwAn/coUkbVnhzwv7OBUco+KDtm1Xb7VED15rx20tl0ieswKVGm12wB4xegt1rRcZHoEJJ+g=="
    },
    "kurento-client-elements": {
      "version": "6.16.0",
      "resolved": "https://registry.npmjs.org/kurento-client-elements/-/kurento-client-elements-6.16.0.tgz",
      "integrity": "sha512-lsZiUIRrTh8PA+0DivTmDWlTJLTrgy2BRs6l3ImhFgZpSXg+iaGk7xITsczp6VMnDzLuA5DkOwquPqiMHJVBcg=="
    },
    "kurento-client-filters": {
      "version": "6.16.0",
      "resolved": "https://registry.npmjs.org/kurento-client-filters/-/kurento-client-filters-6.16.0.tgz",
      "integrity": "sha512-Wi+Pginw8YeBLfJfBfQUp4/YCEWnwXAaatysnBygdWt21Uz3oqbEiLJOOIBwefUXP1FwKoI+bMPRevkosuimZw=="
    },
    "kurento-jsonrpc": {
      "version": "6.16.0",
      "resolved": "https://registry.npmjs.org/kurento-jsonrpc/-/kurento-jsonrpc-6.16.0.tgz",
      "integrity": "sha512-Z6LAh033dHuL2HiQGxbLvVKwSMKwUVnEEZE4nuDBbr9ZdtAeqr5aaUu+B7bpbeGhondkS1gvDLJHwqWinFszjQ==",
      "requires": {
        "bufferutil": "^4.0.1",
        "inherits": "^2.0.1",
        "ws": "^7.1.0"
      }
    },
    "lodash": {
      "version": "4.17.21",
      "resolved": "https://registry.npmjs.org/lodash/-/lodash-4.17.21.tgz",
      "integrity": "sha512-v2kDEe57lecTulaDIuNTPy3Ry4gLGJ6Z1O3vE1krgXZNrsQ+LFTGHVxVjcXPs17LhbZVGedAJv8XZ1tvj5FvSg=="
    },
    "minimist": {
      "version": "1.2.6",
      "resolved": "https://registry.npmjs.org/minimist/-/minimist-1.2.6.tgz",
      "integrity": "sha512-Jsjnk4bw3YJqYzbdyBiNsPWHPfO++UGG749Cxs6peCu5Xg4nrena6OVxOYxrQTqww0Jmwt+Ref8rggumkTLz9Q=="
    },
    "nan": {
      "version": "1.0.0",
      "resolved": "https://registry.npmjs.org/nan/-/nan-1.0.0.tgz",
      "integrity": "sha1-riT4hQgY1mL8q1rPfzuVv6oszzg="
    },
    "node-gyp-build": {
      "version": "4.4.0",
      "resolved": "https://registry.npmjs.org/node-gyp-build/-/node-gyp-build-4.4.0.tgz",
      "integrity": "sha512-amJnQCcgtRVw9SvoebO3BKGESClrfXGCUTX9hSn1OuGQTQBOZmVd0Z0OlecpuRksKvbsUqALE8jls/ErClAPuQ=="
    },
    "options": {
      "version": "0.0.6",
      "resolved": "https://registry.npmjs.org/options/-/options-0.0.6.tgz",
      "integrity": "sha1-7CLTEoBrtT5zF3Pnza788cZDEo8="
    },
    "promise": {
      "version": "7.1.1",
      "resolved": "https://registry.npmjs.org/promise/-/promise-7.1.1.tgz",
      "integrity": "sha1-SJZUxpJha4qlWwck+oCbt9tJxb8=",
      "requires": {
        "asap": "~2.0.3"
      }
    },
    "promisecallback": {
      "version": "0.0.4",
      "resolved": "https://registry.npmjs.org/promisecallback/-/promisecallback-0.0.4.tgz",
      "integrity": "sha1-uTTxPATkQ2IrTWbeTkLqX2zmbnQ="
    },
    "reconnect-core": {
      "version": "git+ssh://git@github.com/KurentoForks/reconnect-core.git#921d43e91578abb2fb2613f585c010c1939cf734",
      "from": "reconnect-core@KurentoForks/reconnect-core",
      "requires": {
        "backoff": "~2.3.0"
      }
    },
    "reconnect-ws": {
      "version": "git+ssh://git@github.com/KurentoForks/reconnect-ws.git#f287385d75861654528c352e60221f95c9209f8a",
      "from": "reconnect-ws@github:KurentoForks/reconnect-ws#master",
      "requires": {
        "reconnect-core": "KurentoForks/reconnect-core",
        "websocket-stream": "~0.5.1"
      }
    },
    "through": {
      "version": "2.3.8",
      "resolved": "https://registry.npmjs.org/through/-/through-2.3.8.tgz",
      "integrity": "sha1-DdTJ/6q8NXlgsbckEV1+Doai4fU="
    },
    "tinycolor": {
      "version": "0.0.1",
      "resolved": "https://registry.npmjs.org/tinycolor/-/tinycolor-0.0.1.tgz",
      "integrity": "sha1-MgtaUtg6u1l42Bo+iH1K77FaYWQ="
    },
    "typescript": {
      "version": "4.6.3",
      "resolved": "https://registry.npmjs.org/typescript/-/typescript-4.6.3.tgz",
      "integrity": "sha512-yNIatDa5iaofVozS/uQJEl3JRWLKKGJKh6Yaiv0GLGSuhpFJe7P3SbHZ8/yjAHRQwKRoA6YZqlfjXWmVzoVSMw=="
    },
    "websocket-stream": {
      "version": "0.5.1",
      "resolved": "https://registry.npmjs.org/websocket-stream/-/websocket-stream-0.5.1.tgz",
      "integrity": "sha1-YizR8FZvuEzgpNb4VFJvPcTXDkg=",
      "requires": {
        "isbuffer": "0.0.0",
        "through": "~2.3.4",
        "ws": "~0.4.30"
      },
      "dependencies": {
        "ws": {
          "version": "0.4.32",
          "resolved": "https://registry.npmjs.org/ws/-/ws-0.4.32.tgz",
          "integrity": "sha1-eHphVEFPPJntg8V3IVOyD+sM7DI=",
          "requires": {
            "commander": "~2.1.0",
            "nan": "~1.0.0",
            "options": ">=0.0.5",
            "tinycolor": "0.x"
          }
        }
      }
    },
    "ws": {
      "version": "7.5.7",
      "resolved": "https://registry.npmjs.org/ws/-/ws-7.5.7.tgz",
      "integrity": "sha512-KMvVuFzpKBuiIXW3E4u3mySRO2/mCHSyZDJQM5NQ9Q9KHWHWh0NHgfbRMLLrceUK5qAL4ytALJbpRMjixFZh8A==",
      "requires": {}
    }
  }
}
